
Microsoft Visual Studio Solution File, Format Version 12.00
# Visual Studio Version 17
VisualStudioVersion = 17.5.33530.505
MinimumVisualStudioVersion = 10.0.40219.1
Project("{FAE04EC0-301F-11D3-BF4B-00C04F79EFBC}") = "Client", "Client\Client.csproj", "{D5BCBCD4-EF91-4467-B2D2-427E5A9B162C}"
EndProject
Project("{FAE04EC0-301F-11D3-BF4B-00C04F79EFBC}") = "Listener", "Listener\Listener.csproj", "{B4459625-5D7F-4817-8937-D32EE7AE8FB4}"
EndProject
Global
	GlobalSection(SolutionConfigurationPlatforms) = preSolution
		Debug|Any CPU = Debug|Any CPU
		Release|Any CPU = Release|Any CPU
	EndGlobalSection
	GlobalSection(ProjectConfigurationPlatforms) = postSolution
		{D5BCBCD4-EF91-4467-B2D2-427E5A9B162C}.Debug|Any CPU.ActiveCfg = Debug|Any CPU
		{D5BCBCD4-EF91-4467-B2D2-427E5A9B162C}.Debug|Any CPU.Build.0 = Debug|Any CPU
		{D5BCBCD4-EF91-4467-B2D2-427E5A9B162C}.Release|Any CPU.ActiveCfg = Release|Any CPU
		{D5BCBCD4-EF91-4467-B2D2-427E5A9B162C}.Release|Any CPU.Build.0 = Release|Any CPU
		{B4459625-5D7F-4817-8937-D32EE7AE8FB4}.Debug|Any CPU.ActiveCfg = Debug|Any CPU
		{B4459625-5D7F-4817-8937-D32EE7AE8FB4}.Debug|Any CPU.Build.0 = Debug|Any CPU
		{B4459625-5D7F-4817-8937-D32EE7AE8FB4}.Release|Any CPU.ActiveCfg = Release|Any CPU
		{B4459625-5D7F-4817-8937-D32EE7AE8FB4}.Release|Any CPU.Build.0 = Release|Any CPU
	EndGlobalSection
	GlobalSection(SolutionProperties) = preSolution
		HideSolutionNode = FALSE
	EndGlobalSection
	GlobalSection(ExtensibilityGlobals) = postSolution
		SolutionGuid = {EA250A4E-DC29-452D-9939-B716C220048D}
	EndGlobalSection
EndGlobal
